
Microsoft Visual Studio Solution File, Format Version 12.00
# Visual Studio Version 16
VisualStudioVersion = 16.0.31129.286
MinimumVisualStudioVersion = 10.0.40219.1
Project("{FAE04EC0-301F-11D3-BF4B-00C04F79EFBC}") = "AlttpRandomizer", "AlttpRandomizer\AlttpRandomizer.csproj", "{43DBF696-175D-42B4-AAD1-35B37157EFB3}"
EndProject
Project("{FAE04EC0-301F-11D3-BF4B-00C04F79EFBC}") = "LibIPS.NET", "LibIPS.NET\LibIPS.NET.csproj", "{B997EAB5-FD05-4B98-9663-C9FE2D822150}"
EndProject
Project("{2150E333-8FDC-42A3-9474-1A3956D46DE8}") = "Base Files", "Base Files", "{7EBC7B01-33D9-4724-BD60-787F869AFDC8}"
	ProjectSection(SolutionItems) = preProject
		.gitignore = .gitignore
		GBA_RANDO_LICENSE = GBA_RANDO_LICENSE
		readme.md = readme.md
	EndProjectSection
EndProject
Global
	GlobalSection(SolutionConfigurationPlatforms) = preSolution
		Debug|Any CPU = Debug|Any CPU
		Release|Any CPU = Release|Any CPU
	EndGlobalSection
	GlobalSection(ProjectConfigurationPlatforms) = postSolution
		{43DBF696-175D-42B4-AAD1-35B37157EFB3}.Debug|Any CPU.ActiveCfg = Debug|Any CPU
		{43DBF696-175D-42B4-AAD1-35B37157EFB3}.Debug|Any CPU.Build.0 = Debug|Any CPU
		{43DBF696-175D-42B4-AAD1-35B37157EFB3}.Release|Any CPU.ActiveCfg = Release|Any CPU
		{43DBF696-175D-42B4-AAD1-35B37157EFB3}.Release|Any CPU.Build.0 = Release|Any CPU
		{B997EAB5-FD05-4B98-9663-C9FE2D822150}.Debug|Any CPU.ActiveCfg = Debug|Any CPU
		{B997EAB5-FD05-4B98-9663-C9FE2D822150}.Debug|Any CPU.Build.0 = Debug|Any CPU
		{B997EAB5-FD05-4B98-9663-C9FE2D822150}.Release|Any CPU.ActiveCfg = Release|Any CPU
		{B997EAB5-FD05-4B98-9663-C9FE2D822150}.Release|Any CPU.Build.0 = Release|Any CPU
	EndGlobalSection
	GlobalSection(SolutionProperties) = preSolution
		HideSolutionNode = FALSE
	EndGlobalSection
	GlobalSection(ExtensibilityGlobals) = postSolution
		SolutionGuid = {9848F572-4C11-44B2-852B-4AB28936742B}
	EndGlobalSection
EndGlobal
